// !$*UTF8*$!
{
	archiveVersion = 1;
	classes = {
	};
	objectVersion = 56;
	objects = {

/* Begin PBXBuildFile section */
		3F8CC47A29FEFC830006D014 /* MyViewController.swift in Sources */ = {isa = PBXBuildFile; fileRef = 3F8CC47929FEFC830006D014 /* MyViewController.swift */; };
		3F8CC47C29FF03A10006D014 /* SimpleTimerViewController.swift in Sources */ = {isa = PBXBuildFile; fileRef = 3F8CC47B29FF03A10006D014 /* SimpleTimerViewController.swift */; };
		3F9AF039299FEDC80081CB7C /* AppDelegate.swift in Sources */ = {isa = PBXBuildFile; fileRef = 3F9AF038299FEDC80081CB7C /* AppDelegate.swift */; };
		3F9AF03B299FEDC80081CB7C /* SceneDelegate.swift in Sources */ = {isa = PBXBuildFile; fileRef = 3F9AF03A299FEDC80081CB7C /* SceneDelegate.swift */; };
		3F9AF040299FEDC80081CB7C /* Main.storyboard in Resources */ = {isa = PBXBuildFile; fileRef = 3F9AF03E299FEDC80081CB7C /* Main.storyboard */; };
		3F9AF043299FEDC80081CB7C /* TodoList.xcdatamodeld in Sources */ = {isa = PBXBuildFile; fileRef = 3F9AF041299FEDC80081CB7C /* TodoList.xcdatamodeld */; };
		3F9AF045299FEDCD0081CB7C /* Assets.xcassets in Resources */ = {isa = PBXBuildFile; fileRef = 3F9AF044299FEDCD0081CB7C /* Assets.xcassets */; };
		3F9AF048299FEDCD0081CB7C /* LaunchScreen.storyboard in Resources */ = {isa = PBXBuildFile; fileRef = 3F9AF046299FEDCD0081CB7C /* LaunchScreen.storyboard */; };
		3F9AF052299FF0B50081CB7C /* ToDoTableViewController.swift in Sources */ = {isa = PBXBuildFile; fileRef = 3F9AF051299FF0B50081CB7C /* ToDoTableViewController.swift */; };
		3F9AF05429A04B8E0081CB7C /* AddToDoViewController.swift in Sources */ = {isa = PBXBuildFile; fileRef = 3F9AF05329A04B8E0081CB7C /* AddToDoViewController.swift */; };
		3F9AF05629A05CB80081CB7C /* ToDoDetailsViewController.swift in Sources */ = {isa = PBXBuildFile; fileRef = 3F9AF05529A05CB80081CB7C /* ToDoDetailsViewController.swift */; };
/* End PBXBuildFile section */

/* Begin PBXFileReference section */
		3F8CC47929FEFC830006D014 /* MyViewController.swift */ = {isa = PBXFileReference; lastKnownFileType = sourcecode.swift; path = MyViewController.swift; sourceTree = "<group>"; };
		3F8CC47B29FF03A10006D014 /* SimpleTimerViewController.swift */ = {isa = PBXFileReference; lastKnownFileType = sourcecode.swift; path = SimpleTimerViewController.swift; sourceTree = "<group>"; };
		3F9AF035299FEDC80081CB7C /* TodoList.app */ = {isa = PBXFileReference; explicitFileType = wrapper.application; includeInIndex = 0; path = TodoList.app; sourceTree = BUILT_PRODUCTS_DIR; };
		3F9AF038299FEDC80081CB7C /* AppDelegate.swift */ = {isa = PBXFileReference; lastKnownFileType = sourcecode.swift; path = AppDelegate.swift; sourceTree = "<group>"; };
		3F9AF03A299FEDC80081CB7C /* SceneDelegate.swift */ = {isa = PBXFileReference; lastKnownFileType = sourcecode.swift; path = SceneDelegate.swift; sourceTree = "<group>"; };
		3F9AF03F299FEDC80081CB7C /* Base */ = {isa = PBXFileReference; lastKnownFileType = file.storyboard; name = Base; path = Base.lproj/Main.storyboard; sourceTree = "<group>"; };
		3F9AF042299FEDC80081CB7C /* TodoList.xcdatamodel */ = {isa = PBXFileReference; lastKnownFileType = wrapper.xcdatamodel; path = TodoList.xcdatamodel; sourceTree = "<group>"; };
		3F9AF044299FEDCD0081CB7C /* Assets.xcassets */ = {isa = PBXFileReference; lastKnownFileType = folder.assetcatalog; path = Assets.xcassets; sourceTree = "<group>"; };
		3F9AF047299FEDCD0081CB7C /* Base */ = {isa = PBXFileReference; lastKnownFileType = file.storyboard; name = Base; path = Base.lproj/LaunchScreen.storyboard; sourceTree = "<group>"; };
		3F9AF049299FEDCD0081CB7C /* Info.plist */ = {isa = PBXFileReference; lastKnownFileType = text.plist.xml; path = Info.plist; sourceTree = "<group>"; };
		3F9AF051299FF0B50081CB7C /* ToDoTableViewController.swift */ = {isa = PBXFileReference; lastKnownFileType = sourcecode.swift; path = ToDoTableViewController.swift; sourceTree = "<group>"; };
		3F9AF05329A04B8E0081CB7C /* AddToDoViewController.swift */ = {isa = PBXFileReference; lastKnownFileType = sourcecode.swift; path = AddToDoViewController.swift; sourceTree = "<group>"; };
		3F9AF05529A05CB80081CB7C /* ToDoDetailsViewController.swift */ = {isa = PBXFileReference; lastKnownFileType = sourcecode.swift; path = ToDoDetailsViewController.swift; sourceTree = "<group>"; };
/* End PBXFileReference section */

/* Begin PBXFrameworksBuildPhase section */
		3F9AF032299FEDC80081CB7C /* Frameworks */ = {
			isa = PBXFrameworksBuildPhase;
			buildActionMask = 2147483647;
			files = (
			);
			runOnlyForDeploymentPostprocessing = 0;
		};
/* End PBXFrameworksBuildPhase section */

/* Begin PBXGroup section */
		3F9AF02C299FEDC80081CB7C = {
			isa = PBXGroup;
			children = (
				3F9AF037299FEDC80081CB7C /* TodoList */,
				3F9AF036299FEDC80081CB7C /* Products */,
			);
			sourceTree = "<group>";
		};
		3F9AF036299FEDC80081CB7C /* Products */ = {
			isa = PBXGroup;
			children = (
				3F9AF035299FEDC80081CB7C /* TodoList.app */,
			);
			name = Products;
			sourceTree = "<group>";
		};
		3F9AF037299FEDC80081CB7C /* TodoList */ = {
			isa = PBXGroup;
			children = (
				3F9AF05529A05CB80081CB7C /* ToDoDetailsViewController.swift */,
				3F9AF038299FEDC80081CB7C /* AppDelegate.swift */,
				3F9AF03A299FEDC80081CB7C /* SceneDelegate.swift */,
				3F9AF03E299FEDC80081CB7C /* Main.storyboard */,
				3F9AF05329A04B8E0081CB7C /* AddToDoViewController.swift */,
				3F9AF051299FF0B50081CB7C /* ToDoTableViewController.swift */,
				3F8CC47929FEFC830006D014 /* MyViewController.swift */,
				3F8CC47B29FF03A10006D014 /* SimpleTimerViewController.swift */,
				3F9AF044299FEDCD0081CB7C /* Assets.xcassets */,
				3F9AF046299FEDCD0081CB7C /* LaunchScreen.storyboard */,
				3F9AF049299FEDCD0081CB7C /* Info.plist */,
				3F9AF041299FEDC80081CB7C /* TodoList.xcdatamodeld */,
			);
			path = TodoList;
			sourceTree = "<group>";
		};
/* End PBXGroup section */

/* Begin PBXNativeTarget section */
		3F9AF034299FEDC80081CB7C /* TodoList */ = {
			isa = PBXNativeTarget;
			buildConfigurationList = 3F9AF04C299FEDCE0081CB7C /* Build configuration list for PBXNativeTarget "TodoList" */;
			buildPhases = (
				3F9AF031299FEDC80081CB7C /* Sources */,
				3F9AF032299FEDC80081CB7C /* Frameworks */,
				3F9AF033299FEDC80081CB7C /* Resources */,
			);
			buildRules = (
			);
			dependencies = (
			);
			name = TodoList;
			productName = TodoList;
			productReference = 3F9AF035299FEDC80081CB7C /* TodoList.app */;
			productType = "com.apple.product-type.application";
		};
/* End PBXNativeTarget section */

/* Begin PBXProject section */
		3F9AF02D299FEDC80081CB7C /* Project object */ = {
			isa = PBXProject;
			attributes = {
				BuildIndependentTargetsInParallel = 1;
				LastSwiftUpdateCheck = 1420;
				LastUpgradeCheck = 1420;
				TargetAttributes = {
					3F9AF034299FEDC80081CB7C = {
						CreatedOnToolsVersion = 14.2;
					};
				};
			};
			buildConfigurationList = 3F9AF030299FEDC80081CB7C /* Build configuration list for PBXProject "TodoList" */;
			compatibilityVersion = "Xcode 14.0";
			developmentRegion = en;
			hasScannedForEncodings = 0;
			knownRegions = (
				en,
				Base,
			);
			mainGroup = 3F9AF02C299FEDC80081CB7C;
			productRefGroup = 3F9AF036299FEDC80081CB7C /* Products */;
			projectDirPath = "";
			projectRoot = "";
			targets = (
				3F9AF034299FEDC80081CB7C /* TodoList */,
			);
		};
/* End PBXProject section */

/* Begin PBXResourcesBuildPhase section */
		3F9AF033299FEDC80081CB7C /* Resources */ = {
			isa = PBXResourcesBuildPhase;
			buildActionMask = 2147483647;
			files = (
				3F9AF048299FEDCD0081CB7C /* LaunchScreen.storyboard in Resources */,
				3F9AF045299FEDCD0081CB7C /* Assets.xcassets in Resources */,
				3F9AF040299FEDC80081CB7C /* Main.storyboard in Resources */,
			);
			runOnlyForDeploymentPostprocessing = 0;
		};
/* End PBXResourcesBuildPhase section */

/* Begin PBXSourcesBuildPhase section */
		3F9AF031299FEDC80081CB7C /* Sources */ = {
			isa = PBXSourcesBuildPhase;
			buildActionMask = 2147483647;
			files = (
				3F9AF039299FEDC80081CB7C /* AppDelegate.swift in Sources */,
				3F9AF05629A05CB80081CB7C /* ToDoDetailsViewController.swift in Sources */,
				3F9AF03B299FEDC80081CB7C /* SceneDelegate.swift in Sources */,
				3F8CC47A29FEFC830006D014 /* MyViewController.swift in Sources */,
				3F8CC47C29FF03A10006D014 /* SimpleTimerViewController.swift in Sources */,
				3F9AF043299FEDC80081CB7C /* TodoList.xcdatamodeld in Sources */,
				3F9AF05429A04B8E0081CB7C /* AddToDoViewController.swift in Sources */,
				3F9AF052299FF0B50081CB7C /* ToDoTableViewController.swift in Sources */,
			);
			runOnlyForDeploymentPostprocessing = 0;
		};
/* End PBXSourcesBuildPhase section */

/* Begin PBXVariantGroup section */
		3F9AF03E299FEDC80081CB7C /* Main.storyboard */ = {
			isa = PBXVariantGroup;
			children = (
				3F9AF03F299FEDC80081CB7C /* Base */,
			);
			name = Main.storyboard;
			sourceTree = "<group>";
		};
		3F9AF046299FEDCD0081CB7C /* LaunchScreen.storyboard */ = {
			isa = PBXVariantGroup;
			children = (
				3F9AF047299FEDCD0081CB7C /* Base */,
			);
			name = LaunchScreen.storyboard;
			sourceTree = "<group>";
		};
/* End PBXVariantGroup section */

/* Begin XCBuildConfiguration section */
		3F9AF04A299FEDCE0081CB7C /* Debug */ = {
			isa = XCBuildConfiguration;
			buildSettings = {
				ALWAYS_SEARCH_USER_PATHS = NO;
				CLANG_ANALYZER_NONNULL = YES;
				CLANG_ANALYZER_NUMBER_OBJECT_CONVERSION = YES_AGGRESSIVE;
				CLANG_CXX_LANGUAGE_STANDARD = "gnu++20";
				CLANG_ENABLE_MODULES = YES;
				CLANG_ENABLE_OBJC_ARC = YES;
				CLANG_ENABLE_OBJC_WEAK = YES;
				CLANG_WARN_BLOCK_CAPTURE_AUTORELEASING = YES;
				CLANG_WARN_BOOL_CONVERSION = YES;
				CLANG_WARN_COMMA = YES;
				CLANG_WARN_CONSTANT_CONVERSION = YES;
				CLANG_WARN_DEPRECATED_OBJC_IMPLEMENTATIONS = YES;
				CLANG_WARN_DIRECT_OBJC_ISA_USAGE = YES_ERROR;
				CLANG_WARN_DOCUMENTATION_COMMENTS = YES;
				CLANG_WARN_EMPTY_BODY = YES;
				CLANG_WARN_ENUM_CONVERSION = YES;
				CLANG_WARN_INFINITE_RECURSION = YES;
				CLANG_WARN_INT_CONVERSION = YES;
				CLANG_WARN_NON_LITERAL_NULL_CONVERSION = YES;
				CLANG_WARN_OBJC_IMPLICIT_RETAIN_SELF = YES;
				CLANG_WARN_OBJC_LITERAL_CONVERSION = YES;
				CLANG_WARN_OBJC_ROOT_CLASS = YES_ERROR;
				CLANG_WARN_QUOTED_INCLUDE_IN_FRAMEWORK_HEADER = YES;
				CLANG_WARN_RANGE_LOOP_ANALYSIS = YES;
				CLANG_WARN_STRICT_PROTOTYPES = YES;
				CLANG_WARN_SUSPICIOUS_MOVE = YES;
				CLANG_WARN_UNGUARDED_AVAILABILITY = YES_AGGRESSIVE;
				CLANG_WARN_UNREACHABLE_CODE = YES;
				CLANG_WARN__DUPLICATE_METHOD_MATCH = YES;
				COPY_PHASE_STRIP = NO;
				DEBUG_INFORMATION_FORMAT = dwarf;
				ENABLE_STRICT_OBJC_MSGSEND = YES;
				ENABLE_TESTABILITY = YES;
				GCC_C_LANGUAGE_STANDARD = gnu11;
				GCC_DYNAMIC_NO_PIC = NO;
				GCC_NO_COMMON_BLOCKS = YES;
				GCC_OPTIMIZATION_LEVEL = 0;
				GCC_PREPROCESSOR_DEFINITIONS = (
					"DEBUG=1",
					"$(inherited)",
				);
				GCC_WARN_64_TO_32_BIT_CONVERSION = YES;
				GCC_WARN_ABOUT_RETURN_TYPE = YES_ERROR;
				GCC_WARN_UNDECLARED_SELECTOR = YES;
				GCC_WARN_UNINITIALIZED_AUTOS = YES_AGGRESSIVE;
				GCC_WARN_UNUSED_FUNCTION = YES;
				GCC_WARN_UNUSED_VARIABLE = YES;
				IPHONEOS_DEPLOYMENT_TARGET = 16.2;
				MTL_ENABLE_DEBUG_INFO = INCLUDE_SOURCE;
				MTL_FAST_MATH = YES;
				ONLY_ACTIVE_ARCH = YES;
				SDKROOT = iphoneos;
				SWIFT_ACTIVE_COMPILATION_CONDITIONS = DEBUG;
				SWIFT_OPTIMIZATION_LEVEL = "-Onone";
			};
			name = Debug;
		};
		3F9AF04B299FEDCE0081CB7C /* Release */ = {
			isa = XCBuildConfiguration;
			buildSettings = {
				ALWAYS_SEARCH_USER_PATHS = NO;
				CLANG_ANALYZER_NONNULL = YES;
				CLANG_ANALYZER_NUMBER_OBJECT_CONVERSION = YES_AGGRESSIVE;
				CLANG_CXX_LANGUAGE_STANDARD = "gnu++20";
				CLANG_ENABLE_MODULES = YES;
				CLANG_ENABLE_OBJC_ARC = YES;
				CLANG_ENABLE_OBJC_WEAK = YES;
				CLANG_WARN_BLOCK_CAPTURE_AUTORELEASING = YES;
				CLANG_WARN_BOOL_CONVERSION = YES;
				CLANG_WARN_COMMA = YES;
				CLANG_WARN_CONSTANT_CONVERSION = YES;
				CLANG_WARN_DEPRECATED_OBJC_IMPLEMENTATIONS = YES;
				CLANG_WARN_DIRECT_OBJC_ISA_USAGE = YES_ERROR;
				CLANG_WARN_DOCUMENTATION_COMMENTS = YES;
				CLANG_WARN_EMPTY_BODY = YES;
				CLANG_WARN_ENUM_CONVERSION = YES;
				CLANG_WARN_INFINITE_RECURSION = YES;
				CLANG_WARN_INT_CONVERSION = YES;
				CLANG_WARN_NON_LITERAL_NULL_CONVERSION = YES;
				CLANG_WARN_OBJC_IMPLICIT_RETAIN_SELF = YES;
				CLANG_WARN_OBJC_LITERAL_CONVERSION = YES;
				CLANG_WARN_OBJC_ROOT_CLASS = YES_ERROR;
				CLANG_WARN_QUOTED_INCLUDE_IN_FRAMEWORK_HEADER = YES;
				CLANG_WARN_RANGE_LOOP_ANALYSIS = YES;
				CLANG_WARN_STRICT_PROTOTYPES = YES;
				CLANG_WARN_SUSPICIOUS_MOVE = YES;
				CLANG_WARN_UNGUARDED_AVAILABILITY = YES_AGGRESSIVE;
				CLANG_WARN_UNREACHABLE_CODE = YES;
				CLANG_WARN__DUPLICATE_METHOD_MATCH = YES;
				COPY_PHASE_STRIP = NO;
				DEBUG_INFORMATION_FORMAT = "dwarf-with-dsym";
				ENABLE_NS_ASSERTIONS = NO;
				ENABLE_STRICT_OBJC_MSGSEND = YES;
				GCC_C_LANGUAGE_STANDARD = gnu11;
				GCC_NO_COMMON_BLOCKS = YES;
				GCC_WARN_64_TO_32_BIT_CONVERSION = YES;
				GCC_WARN_ABOUT_RETURN_TYPE = YES_ERROR;
				GCC_WARN_UNDECLARED_SELECTOR = YES;
				GCC_WARN_UNINITIALIZED_AUTOS = YES_AGGRESSIVE;
				GCC_WARN_UNUSED_FUNCTION = YES;
				GCC_WARN_UNUSED_VARIABLE = YES;
				IPHONEOS_DEPLOYMENT_TARGET = 16.2;
				MTL_ENABLE_DEBUG_INFO = NO;
				MTL_FAST_MATH = YES;
				SDKROOT = iphoneos;
				SWIFT_COMPILATION_MODE = wholemodule;
				SWIFT_OPTIMIZATION_LEVEL = "-O";
				VALIDATE_PRODUCT = YES;
			};
			name = Release;
		};
		3F9AF04D299FEDCE0081CB7C /* Debug */ = {
			isa = XCBuildConfiguration;
			buildSettings = {
				ASSETCATALOG_COMPILER_APPICON_NAME = AppIcon;
				ASSETCATALOG_COMPILER_GLOBAL_ACCENT_COLOR_NAME = AccentColor;
				CODE_SIGN_STYLE = Automatic;
				CURRENT_PROJECT_VERSION = 1;
				DEVELOPMENT_TEAM = 333MFP2M4X;
				GENERATE_INFOPLIST_FILE = YES;
				INFOPLIST_FILE = TodoList/Info.plist;
				INFOPLIST_KEY_UIApplicationSupportsIndirectInputEvents = YES;
				INFOPLIST_KEY_UILaunchStoryboardName = LaunchScreen;
				INFOPLIST_KEY_UIMainStoryboardFile = Main;
				INFOPLIST_KEY_UISupportedInterfaceOrientations_iPad = "UIInterfaceOrientationPortrait UIInterfaceOrientationPortraitUpsideDown UIInterfaceOrientationLandscapeLeft UIInterfaceOrientationLandscapeRight";
				INFOPLIST_KEY_UISupportedInterfaceOrientations_iPhone = "UIInterfaceOrientationPortrait UIInterfaceOrientationLandscapeLeft UIInterfaceOrientationLandscapeRight";
				LD_RUNPATH_SEARCH_PATHS = (
					"$(inherited)",
					"@executable_path/Frameworks",
				);
				MARKETING_VERSION = 1.0;
				PRODUCT_BUNDLE_IDENTIFIER = com.sarai.alvarenga.TodoList;
				PRODUCT_NAME = "$(TARGET_NAME)";
				SWIFT_EMIT_LOC_STRINGS = YES;
				SWIFT_VERSION = 5.0;
				TARGETED_DEVICE_FAMILY = "1,2";
			};
			name = Debug;
		};
		3F9AF04E299FEDCE0081CB7C /* Release */ = {
			isa = XCBuildConfiguration;
			buildSettings = {
				ASSETCATALOG_COMPILER_APPICON_NAME = AppIcon;
				ASSETCATALOG_COMPILER_GLOBAL_ACCENT_COLOR_NAME = AccentColor;
				CODE_SIGN_STYLE = Automatic;
				CURRENT_PROJECT_VERSION = 1;
				DEVELOPMENT_TEAM = 333MFP2M4X;
				GENERATE_INFOPLIST_FILE = YES;
				INFOPLIST_FILE = TodoList/Info.plist;
				INFOPLIST_KEY_UIApplicationSupportsIndirectInputEvents = YES;
				INFOPLIST_KEY_UILaunchStoryboardName = LaunchScreen;
				INFOPLIST_KEY_UIMainStoryboardFile = Main;
				INFOPLIST_KEY_UISupportedInterfaceOrientations_iPad = "UIInterfaceOrientationPortrait UIInterfaceOrientationPortraitUpsideDown UIInterfaceOrientationLandscapeLeft UIInterfaceOrientationLandscapeRight";
				INFOPLIST_KEY_UISupportedInterfaceOrientations_iPhone = "UIInterfaceOrientationPortrait UIInterfaceOrientationLandscapeLeft UIInterfaceOrientationLandscapeRight";
				LD_RUNPATH_SEARCH_PATHS = (
					"$(inherited)",
					"@executable_path/Frameworks",
				);
				MARKETING_VERSION = 1.0;
				PRODUCT_BUNDLE_IDENTIFIER = com.sarai.alvarenga.TodoList;
				PRODUCT_NAME = "$(TARGET_NAME)";
				SWIFT_EMIT_LOC_STRINGS = YES;
				SWIFT_VERSION = 5.0;
				TARGETED_DEVICE_FAMILY = "1,2";
			};
			name = Release;
		};
/* End XCBuildConfiguration section */

/* Begin XCConfigurationList section */
		3F9AF030299FEDC80081CB7C /* Build configuration list for PBXProject "TodoList" */ = {
			isa = XCConfigurationList;
			buildConfigurations = (
				3F9AF04A299FEDCE0081CB7C /* Debug */,
				3F9AF04B299FEDCE0081CB7C /* Release */,
			);
			defaultConfigurationIsVisible = 0;
			defaultConfigurationName = Release;
		};
		3F9AF04C299FEDCE0081CB7C /* Build configuration list for PBXNativeTarget "TodoList" */ = {
			isa = XCConfigurationList;
			buildConfigurations = (
				3F9AF04D299FEDCE0081CB7C /* Debug */,
				3F9AF04E299FEDCE0081CB7C /* Release */,
			);
			defaultConfigurationIsVisible = 0;
			defaultConfigurationName = Release;
		};
/* End XCConfigurationList section */

/* Begin XCVersionGroup section */
		3F9AF041299FEDC80081CB7C /* TodoList.xcdatamodeld */ = {
			isa = XCVersionGroup;
			children = (
				3F9AF042299FEDC80081CB7C /* TodoList.xcdatamodel */,
			);
			currentVersion = 3F9AF042299FEDC80081CB7C /* TodoList.xcdatamodel */;
			path = TodoList.xcdatamodeld;
			sourceTree = "<group>";
			versionGroupType = wrapper.xcdatamodel;
		};
/* End XCVersionGroup section */
	};
	rootObject = 3F9AF02D299FEDC80081CB7C /* Project object */;
}
